github.com/akamensky/argparse v1.3.1 h1:kP6+OyvR0fuBH6UhbE6yh/nskrDEIQgEA1SUXDPjx4g=
github.com/akamensky/argparse v1.3.1/go.mod h1:S5kwC7IuDcEr5VeXtGPRVZ5o/FdhcMlQz4IZQuw64xA=
github.com/gorilla/mux v1.8.0 h1:i40aqfkR1h2SlN9hojwV5ZA91wcXFOvkdNIeFDP5koI=
github.com/gorilla/mux v1.8.0/go.mod h1:DVbg23sWSpFRCP0SfiEN6jmj59UnW/n46BH5rLB71So=
github.com/joho/godotenv v1.4.0 h1:3l4+N6zfMWnkbPEXKng2o2/MR5mSwTrBih4ZEkkz1lg=
github.com/joho/godotenv v1.4.0/go.mod h1:f4LDr5Voq0i2e/R5DDNOoa2zzDfwtkZa6DnEwAbqwq4=
github.com/marcinbor85/pubkey v0.1.0 h1:KwdxB2a2CpxhiOLZDuev8je3i8qIWwQJwOMH6QzTy44=
github.com/marcinbor85/pubkey v0.1.0/go.mod h1:w/SoongV3ABj6xnY8oBL8e7pw7vRBg/iRtb5aMVYAgo=
github.com/mattn/go-sqlite3 v1.14.10 h1:MLn+5bFRlWMGoSRmJour3CL1w/qL96mvipqpwQW/Sfk=
github.com/mattn/go-sqlite3 v1.14.10/go.mod h1:NyWgC/yNuGj7Q9rpYnZvas74GogHl5/Z4A/KQRfk6bU=
